
Microsoft Visual Studio Solution File, Format Version 12.00
# Visual Studio 15
VisualStudioVersion = 15.0.28307.329
MinimumVisualStudioVersion = 10.0.40219.1
Project("{2150E333-8FDC-42A3-9474-1A3956D46DE8}") = "Core", "Core", "{9E536E54-CAA6-437A-A218-181232F91084}"
EndProject
Project("{2150E333-8FDC-42A3-9474-1A3956D46DE8}") = "Infrastructure", "Infrastructure", "{01A91743-0E38-476F-AB91-CA1688BFD742}"
EndProject
Project("{2150E333-8FDC-42A3-9474-1A3956D46DE8}") = "Presentation", "Presentation", "{A7016BE0-ADEA-4B44-9D99-511292049778}"
EndProject
Project("{9A19103F-16F7-4668-BE54-9A1E7A4F7556}") = "DealMeCore.DataAccess.DB", "DealMeCore.DataAccess.DB\DealMeCore.DataAccess.DB.csproj", "{F0BE2CB8-5E2A-44E4-8E07-EC490A5C83F5}"
EndProject
Project("{9A19103F-16F7-4668-BE54-9A1E7A4F7556}") = "DealMeCore.DataAccess.DB.EF", "DealMeCore.DataAccess.DB.EF\DealMeCore.DataAccess.DB.EF.csproj", "{6E3B93C6-BBAD-45F5-BE6E-5AABD04F1EDE}"
EndProject
Project("{9A19103F-16F7-4668-BE54-9A1E7A4F7556}") = "DealMeCore.Domain", "DealMeCore.Domain\DealMeCore.Domain.csproj", "{88C14855-60B9-4D58-B84B-8AC8702BFEE6}"
EndProject
Project("{9A19103F-16F7-4668-BE54-9A1E7A4F7556}") = "DealMeCore.DB.Infrastructure", "DealMeCore.DB.Infrastructure\DealMeCore.DB.Infrastructure.csproj", "{67A620A7-A501-410D-B511-E1EF7E8BB449}"
EndProject
Project("{9A19103F-16F7-4668-BE54-9A1E7A4F7556}") = "DealMeCore.BusinessLogic", "DealMeCore.BusinessLogic\DealMeCore.BusinessLogic.csproj", "{562831BD-D9E3-4275-BD84-5FAA40B66A48}"
EndProject
Project("{9A19103F-16F7-4668-BE54-9A1E7A4F7556}") = "DealMeCore.DataAccess.Cache", "DealMeCore.DataAccess.Cache\DealMeCore.DataAccess.Cache.csproj", "{CA8A4249-F7CD-4EDB-9B34-57B69BB03C67}"
EndProject
Project("{9A19103F-16F7-4668-BE54-9A1E7A4F7556}") = "DealMeCore.DataAccess.Cache.Redis", "DealMeCore.DataAccess.Cache.Redis\DealMeCore.DataAccess.Cache.Redis.csproj", "{0D28E51F-454E-4E21-8DB6-1A50FA15379B}"
EndProject
Project("{9A19103F-16F7-4668-BE54-9A1E7A4F7556}") = "DealMeCore.WebApi", "DealMeCore.WebApi\DealMeCore.WebApi.csproj", "{945AC6B4-A879-4F87-855B-A6CE69D8F835}"
EndProject
Project("{9A19103F-16F7-4668-BE54-9A1E7A4F7556}") = "DealMeCore.Validation", "DealMeCore.Validation\DealMeCore.Validation.csproj", "{D90677F3-4CA5-4A7F-8D8C-F03ADAD0C1FF}"
EndProject
Project("{FAE04EC0-301F-11D3-BF4B-00C04F79EFBC}") = "DealMeCore.Logging", "DealMeCore.Logging\DealMeCore.Logging.csproj", "{597F5FC9-EC57-46C5-B1D5-8290899BD09D}"
EndProject
Project("{FAE04EC0-301F-11D3-BF4B-00C04F79EFBC}") = "DealMeCore.Logging.NLog", "DealMeCore.Logging.NLog\DealMeCore.Logging.NLog.csproj", "{553F520E-410D-490F-9201-514B04C3312D}"
EndProject
Global
	GlobalSection(SolutionConfigurationPlatforms) = preSolution
		Debug|Any CPU = Debug|Any CPU
		Release|Any CPU = Release|Any CPU
	EndGlobalSection
	GlobalSection(ProjectConfigurationPlatforms) = postSolution
		{F0BE2CB8-5E2A-44E4-8E07-EC490A5C83F5}.Debug|Any CPU.ActiveCfg = Debug|Any CPU
		{F0BE2CB8-5E2A-44E4-8E07-EC490A5C83F5}.Debug|Any CPU.Build.0 = Debug|Any CPU
		{F0BE2CB8-5E2A-44E4-8E07-EC490A5C83F5}.Release|Any CPU.ActiveCfg = Release|Any CPU
		{F0BE2CB8-5E2A-44E4-8E07-EC490A5C83F5}.Release|Any CPU.Build.0 = Release|Any CPU
		{6E3B93C6-BBAD-45F5-BE6E-5AABD04F1EDE}.Debug|Any CPU.ActiveCfg = Debug|Any CPU
		{6E3B93C6-BBAD-45F5-BE6E-5AABD04F1EDE}.Debug|Any CPU.Build.0 = Debug|Any CPU
		{6E3B93C6-BBAD-45F5-BE6E-5AABD04F1EDE}.Release|Any CPU.ActiveCfg = Release|Any CPU
		{6E3B93C6-BBAD-45F5-BE6E-5AABD04F1EDE}.Release|Any CPU.Build.0 = Release|Any CPU
		{88C14855-60B9-4D58-B84B-8AC8702BFEE6}.Debug|Any CPU.ActiveCfg = Debug|Any CPU
		{88C14855-60B9-4D58-B84B-8AC8702BFEE6}.Debug|Any CPU.Build.0 = Debug|Any CPU
		{88C14855-60B9-4D58-B84B-8AC8702BFEE6}.Release|Any CPU.ActiveCfg = Release|Any CPU
		{88C14855-60B9-4D58-B84B-8AC8702BFEE6}.Release|Any CPU.Build.0 = Release|Any CPU
		{67A620A7-A501-410D-B511-E1EF7E8BB449}.Debug|Any CPU.ActiveCfg = Debug|Any CPU
		{67A620A7-A501-410D-B511-E1EF7E8BB449}.Debug|Any CPU.Build.0 = Debug|Any CPU
		{67A620A7-A501-410D-B511-E1EF7E8BB449}.Release|Any CPU.ActiveCfg = Release|Any CPU
		{67A620A7-A501-410D-B511-E1EF7E8BB449}.Release|Any CPU.Build.0 = Release|Any CPU
		{562831BD-D9E3-4275-BD84-5FAA40B66A48}.Debug|Any CPU.ActiveCfg = Debug|Any CPU
		{562831BD-D9E3-4275-BD84-5FAA40B66A48}.Debug|Any CPU.Build.0 = Debug|Any CPU
		{562831BD-D9E3-4275-BD84-5FAA40B66A48}.Release|Any CPU.ActiveCfg = Release|Any CPU
		{562831BD-D9E3-4275-BD84-5FAA40B66A48}.Release|Any CPU.Build.0 = Release|Any CPU
		{CA8A4249-F7CD-4EDB-9B34-57B69BB03C67}.Debug|Any CPU.ActiveCfg = Debug|Any CPU
		{CA8A4249-F7CD-4EDB-9B34-57B69BB03C67}.Debug|Any CPU.Build.0 = Debug|Any CPU
		{CA8A4249-F7CD-4EDB-9B34-57B69BB03C67}.Release|Any CPU.ActiveCfg = Release|Any CPU
		{CA8A4249-F7CD-4EDB-9B34-57B69BB03C67}.Release|Any CPU.Build.0 = Release|Any CPU
		{0D28E51F-454E-4E21-8DB6-1A50FA15379B}.Debug|Any CPU.ActiveCfg = Debug|Any CPU
		{0D28E51F-454E-4E21-8DB6-1A50FA15379B}.Debug|Any CPU.Build.0 = Debug|Any CPU
		{0D28E51F-454E-4E21-8DB6-1A50FA15379B}.Release|Any CPU.ActiveCfg = Release|Any CPU
		{0D28E51F-454E-4E21-8DB6-1A50FA15379B}.Release|Any CPU.Build.0 = Release|Any CPU
		{945AC6B4-A879-4F87-855B-A6CE69D8F835}.Debug|Any CPU.ActiveCfg = Debug|Any CPU
		{945AC6B4-A879-4F87-855B-A6CE69D8F835}.Debug|Any CPU.Build.0 = Debug|Any CPU
		{945AC6B4-A879-4F87-855B-A6CE69D8F835}.Release|Any CPU.ActiveCfg = Release|Any CPU
		{945AC6B4-A879-4F87-855B-A6CE69D8F835}.Release|Any CPU.Build.0 = Release|Any CPU
		{D90677F3-4CA5-4A7F-8D8C-F03ADAD0C1FF}.Debug|Any CPU.ActiveCfg = Debug|Any CPU
		{D90677F3-4CA5-4A7F-8D8C-F03ADAD0C1FF}.Debug|Any CPU.Build.0 = Debug|Any CPU
		{D90677F3-4CA5-4A7F-8D8C-F03ADAD0C1FF}.Release|Any CPU.ActiveCfg = Release|Any CPU
		{D90677F3-4CA5-4A7F-8D8C-F03ADAD0C1FF}.Release|Any CPU.Build.0 = Release|Any CPU
		{597F5FC9-EC57-46C5-B1D5-8290899BD09D}.Debug|Any CPU.ActiveCfg = Debug|Any CPU
		{597F5FC9-EC57-46C5-B1D5-8290899BD09D}.Debug|Any CPU.Build.0 = Debug|Any CPU
		{597F5FC9-EC57-46C5-B1D5-8290899BD09D}.Release|Any CPU.ActiveCfg = Release|Any CPU
		{597F5FC9-EC57-46C5-B1D5-8290899BD09D}.Release|Any CPU.Build.0 = Release|Any CPU
		{553F520E-410D-490F-9201-514B04C3312D}.Debug|Any CPU.ActiveCfg = Debug|Any CPU
		{553F520E-410D-490F-9201-514B04C3312D}.Debug|Any CPU.Build.0 = Debug|Any CPU
		{553F520E-410D-490F-9201-514B04C3312D}.Release|Any CPU.ActiveCfg = Release|Any CPU
		{553F520E-410D-490F-9201-514B04C3312D}.Release|Any CPU.Build.0 = Release|Any CPU
	EndGlobalSection
	GlobalSection(SolutionProperties) = preSolution
		HideSolutionNode = FALSE
	EndGlobalSection
	GlobalSection(NestedProjects) = preSolution
		{F0BE2CB8-5E2A-44E4-8E07-EC490A5C83F5} = {01A91743-0E38-476F-AB91-CA1688BFD742}
		{6E3B93C6-BBAD-45F5-BE6E-5AABD04F1EDE} = {01A91743-0E38-476F-AB91-CA1688BFD742}
		{88C14855-60B9-4D58-B84B-8AC8702BFEE6} = {9E536E54-CAA6-437A-A218-181232F91084}
		{67A620A7-A501-410D-B511-E1EF7E8BB449} = {9E536E54-CAA6-437A-A218-181232F91084}
		{562831BD-D9E3-4275-BD84-5FAA40B66A48} = {9E536E54-CAA6-437A-A218-181232F91084}
		{CA8A4249-F7CD-4EDB-9B34-57B69BB03C67} = {01A91743-0E38-476F-AB91-CA1688BFD742}
		{0D28E51F-454E-4E21-8DB6-1A50FA15379B} = {01A91743-0E38-476F-AB91-CA1688BFD742}
		{945AC6B4-A879-4F87-855B-A6CE69D8F835} = {A7016BE0-ADEA-4B44-9D99-511292049778}
		{D90677F3-4CA5-4A7F-8D8C-F03ADAD0C1FF} = {01A91743-0E38-476F-AB91-CA1688BFD742}
		{597F5FC9-EC57-46C5-B1D5-8290899BD09D} = {01A91743-0E38-476F-AB91-CA1688BFD742}
		{553F520E-410D-490F-9201-514B04C3312D} = {01A91743-0E38-476F-AB91-CA1688BFD742}
	EndGlobalSection
	GlobalSection(ExtensibilityGlobals) = postSolution
		SolutionGuid = {908CE7D9-AC8B-4B76-A3A9-FCE74B1D27D6}
	EndGlobalSection
EndGlobal
